
Microsoft Visual Studio Solution File, Format Version 11.00
# Visual Studio 2010
# SharpDevelop 4.4
Project("{FAE04EC0-301F-11D3-BF4B-00C04F79EFBC}") = "E_01", "E_01\E_01.csproj", "{DA3DFD75-0FB5-4E9C-AB44-865165AD9D0E}"
EndProject
Project("{2150E333-8FDC-42A3-9474-1A3956D46DE8}") = "Items de la Solución", "Items de la Solución", "{47A03E16-1552-4EA0-964C-2F9AEC6F73E1}"
	ProjectSection(SolutionItems) = postProject
		..\tp-01\ArbolBinario.cs = ..\tp-01\ArbolBinario.cs
	EndProjectSection
EndProject
Project("{FAE04EC0-301F-11D3-BF4B-00C04F79EFBC}") = "EJ_02_heap", "EJ_02_heap\EJ_02_heap.csproj", "{B1CC1653-550B-450C-B9F5-FB3EB03561F1}"
EndProject
Global
	GlobalSection(SolutionConfigurationPlatforms) = preSolution
		Debug|Any CPU = Debug|Any CPU
		Release|Any CPU = Release|Any CPU
	EndGlobalSection
	GlobalSection(ProjectConfigurationPlatforms) = postSolution
		{DA3DFD75-0FB5-4E9C-AB44-865165AD9D0E}.Debug|Any CPU.Build.0 = Debug|Any CPU
		{DA3DFD75-0FB5-4E9C-AB44-865165AD9D0E}.Debug|Any CPU.ActiveCfg = Debug|Any CPU
		{DA3DFD75-0FB5-4E9C-AB44-865165AD9D0E}.Release|Any CPU.Build.0 = Release|Any CPU
		{DA3DFD75-0FB5-4E9C-AB44-865165AD9D0E}.Release|Any CPU.ActiveCfg = Release|Any CPU
		{B1CC1653-550B-450C-B9F5-FB3EB03561F1}.Debug|Any CPU.Build.0 = Debug|Any CPU
		{B1CC1653-550B-450C-B9F5-FB3EB03561F1}.Debug|Any CPU.ActiveCfg = Debug|Any CPU
		{B1CC1653-550B-450C-B9F5-FB3EB03561F1}.Release|Any CPU.Build.0 = Release|Any CPU
		{B1CC1653-550B-450C-B9F5-FB3EB03561F1}.Release|Any CPU.ActiveCfg = Release|Any CPU
	EndGlobalSection
EndGlobal
